// !$*UTF8*$!
{
	archiveVersion = 1;
	classes = {
	};
	objectVersion = 46;
	objects = {

/* Begin PBXBuildFile section */
		39E93FC71CA385A4004EF71A /* main.m in Sources */ = {isa = PBXBuildFile; fileRef = 39E93FC61CA385A4004EF71A /* main.m */; };
		39E93FCA1CA385A5004EF71A /* AppDelegate.m in Sources */ = {isa = PBXBuildFile; fileRef = 39E93FC91CA385A5004EF71A /* AppDelegate.m */; };
		39E93FCD1CA385A5004EF71A /* ViewController.m in Sources */ = {isa = PBXBuildFile; fileRef = 39E93FCC1CA385A5004EF71A /* ViewController.m */; };
		39E93FD01CA385A5004EF71A /* Main.storyboard in Resources */ = {isa = PBXBuildFile; fileRef = 39E93FCE1CA385A5004EF71A /* Main.storyboard */; };
		39E93FD21CA385A5004EF71A /* Assets.xcassets in Resources */ = {isa = PBXBuildFile; fileRef = 39E93FD11CA385A5004EF71A /* Assets.xcassets */; };
		39E93FD51CA385A5004EF71A /* LaunchScreen.storyboard in Resources */ = {isa = PBXBuildFile; fileRef = 39E93FD31CA385A5004EF71A /* LaunchScreen.storyboard */; };
		39E93FDE1CA38A33004EF71A /* nav_Line_Tool.m in Sources */ = {isa = PBXBuildFile; fileRef = 39E93FDD1CA38A33004EF71A /* nav_Line_Tool.m */; };
/* End PBXBuildFile section */

/* Begin PBXFileReference section */
		39E93FC21CA385A4004EF71A /* navdemo.app */ = {isa = PBXFileReference; explicitFileType = wrapper.application; includeInIndex = 0; path = navdemo.app; sourceTree = BUILT_PRODUCTS_DIR; };
		39E93FC61CA385A4004EF71A /* main.m */ = {isa = PBXFileReference; lastKnownFileType = sourcecode.c.objc; path = main.m; sourceTree = "<group>"; };
		39E93FC81CA385A5004EF71A /* AppDelegate.h */ = {isa = PBXFileReference; lastKnownFileType = sourcecode.c.h; path = AppDelegate.h; sourceTree = "<group>"; };
		39E93FC91CA385A5004EF71A /* AppDelegate.m */ = {isa = PBXFileReference; lastKnownFileType = sourcecode.c.objc; path = AppDelegate.m; sourceTree = "<group>"; };
		39E93FCB1CA385A5004EF71A /* ViewController.h */ = {isa = PBXFileReference; lastKnownFileType = sourcecode.c.h; path = ViewController.h; sourceTree = "<group>"; };
		39E93FCC1CA385A5004EF71A /* ViewController.m */ = {isa = PBXFileReference; lastKnownFileType = sourcecode.c.objc; path = ViewController.m; sourceTree = "<group>"; };
		39E93FCF1CA385A5004EF71A /* Base */ = {isa = PBXFileReference; lastKnownFileType = file.storyboard; name = Base; path = Base.lproj/Main.storyboard; sourceTree = "<group>"; };
		39E93FD11CA385A5004EF71A /* Assets.xcassets */ = {isa = PBXFileReference; lastKnownFileType = folder.assetcatalog; path = Assets.xcassets; sourceTree = "<group>"; };
		39E93FD41CA385A5004EF71A /* Base */ = {isa = PBXFileReference; lastKnownFileType = file.storyboard; name = Base; path = Base.lproj/LaunchScreen.storyboard; sourceTree = "<group>"; };
		39E93FD61CA385A5004EF71A /* Info.plist */ = {isa = PBXFileReference; lastKnownFileType = text.plist.xml; path = Info.plist; sourceTree = "<group>"; };
		39E93FDC1CA38A33004EF71A /* nav_Line_Tool.h */ = {isa = PBXFileReference; fileEncoding = 4; lastKnownFileType = sourcecode.c.h; path = nav_Line_Tool.h; sourceTree = "<group>"; };
		39E93FDD1CA38A33004EF71A /* nav_Line_Tool.m */ = {isa = PBXFileReference; fileEncoding = 4; lastKnownFileType = sourcecode.c.objc; path = nav_Line_Tool.m; sourceTree = "<group>"; };
/* End PBXFileReference section */

/* Begin PBXFrameworksBuildPhase section */
		39E93FBF1CA385A4004EF71A /* Frameworks */ = {
			isa = PBXFrameworksBuildPhase;
			buildActionMask = 2147483647;
			files = (
			);
			runOnlyForDeploymentPostprocessing = 0;
		};
/* End PBXFrameworksBuildPhase section */

/* Begin PBXGroup section */
		39E93FB91CA385A4004EF71A = {
			isa = PBXGroup;
			children = (
				39E93FC41CA385A4004EF71A /* navdemo */,
				39E93FC31CA385A4004EF71A /* Products */,
			);
			sourceTree = "<group>";
		};
		39E93FC31CA385A4004EF71A /* Products */ = {
			isa = PBXGroup;
			children = (
				39E93FC21CA385A4004EF71A /* navdemo.app */,
			);
			name = Products;
			sourceTree = "<group>";
		};
		39E93FC41CA385A4004EF71A /* navdemo */ = {
			isa = PBXGroup;
			children = (
				39E93FC81CA385A5004EF71A /* AppDelegate.h */,
				39E93FC91CA385A5004EF71A /* AppDelegate.m */,
				39E93FCB1CA385A5004EF71A /* ViewController.h */,
				39E93FCC1CA385A5004EF71A /* ViewController.m */,
				39E93FDC1CA38A33004EF71A /* nav_Line_Tool.h */,
				39E93FDD1CA38A33004EF71A /* nav_Line_Tool.m */,
				39E93FCE1CA385A5004EF71A /* Main.storyboard */,
				39E93FD11CA385A5004EF71A /* Assets.xcassets */,
				39E93FD31CA385A5004EF71A /* LaunchScreen.storyboard */,
				39E93FD61CA385A5004EF71A /* Info.plist */,
				39E93FC51CA385A4004EF71A /* Supporting Files */,
			);
			path = navdemo;
			sourceTree = "<group>";
		};
		39E93FC51CA385A4004EF71A /* Supporting Files */ = {
			isa = PBXGroup;
			children = (
				39E93FC61CA385A4004EF71A /* main.m */,
			);
			name = "Supporting Files";
			sourceTree = "<group>";
		};
/* End PBXGroup section */

/* Begin PBXNativeTarget section */
		39E93FC11CA385A4004EF71A /* navdemo */ = {
			isa = PBXNativeTarget;
			buildConfigurationList = 39E93FD91CA385A5004EF71A /* Build configuration list for PBXNativeTarget "navdemo" */;
			buildPhases = (
				39E93FBE1CA385A4004EF71A /* Sources */,
				39E93FBF1CA385A4004EF71A /* Frameworks */,
				39E93FC01CA385A4004EF71A /* Resources */,
			);
			buildRules = (
			);
			dependencies = (
			);
			name = navdemo;
			productName = navdemo;
			productReference = 39E93FC21CA385A4004EF71A /* navdemo.app */;
			productType = "com.apple.product-type.application";
		};
/* End PBXNativeTarget section */

/* Begin PBXProject section */
		39E93FBA1CA385A4004EF71A /* Project object */ = {
			isa = PBXProject;
			attributes = {
				LastUpgradeCheck = 0720;
				ORGANIZATIONNAME = "法大大";
				TargetAttributes = {
					39E93FC11CA385A4004EF71A = {
						CreatedOnToolsVersion = 7.2.1;
					};
				};
			};
			buildConfigurationList = 39E93FBD1CA385A4004EF71A /* Build configuration list for PBXProject "navdemo" */;
			compatibilityVersion = "Xcode 3.2";
			developmentRegion = English;
			hasScannedForEncodings = 0;
			knownRegions = (
				en,
				Base,
			);
			mainGroup = 39E93FB91CA385A4004EF71A;
			productRefGroup = 39E93FC31CA385A4004EF71A /* Products */;
			projectDirPath = "";
			projectRoot = "";
			targets = (
				39E93FC11CA385A4004EF71A /* navdemo */,
			);
		};
/* End PBXProject section */

/* Begin PBXResourcesBuildPhase section */
		39E93FC01CA385A4004EF71A /* Resources */ = {
			isa = PBXResourcesBuildPhase;
			buildActionMask = 2147483647;
			files = (
				39E93FD51CA385A5004EF71A /* LaunchScreen.storyboard in Resources */,
				39E93FD21CA385A5004EF71A /* Assets.xcassets in Resources */,
				39E93FD01CA385A5004EF71A /* Main.storyboard in Resources */,
			);
			runOnlyForDeploymentPostprocessing = 0;
		};
/* End PBXResourcesBuildPhase section */

/* Begin PBXSourcesBuildPhase section */
		39E93FBE1CA385A4004EF71A /* Sources */ = {
			isa = PBXSourcesBuildPhase;
			buildActionMask = 2147483647;
			files = (
				39E93FCD1CA385A5004EF71A /* ViewController.m in Sources */,
				39E93FCA1CA385A5004EF71A /* AppDelegate.m in Sources */,
				39E93FC71CA385A4004EF71A /* main.m in Sources */,
				39E93FDE1CA38A33004EF71A /* nav_Line_Tool.m in Sources */,
			);
			runOnlyForDeploymentPostprocessing = 0;
		};
/* End PBXSourcesBuildPhase section */

/* Begin PBXVariantGroup section */
		39E93FCE1CA385A5004EF71A /* Main.storyboard */ = {
			isa = PBXVariantGroup;
			children = (
				39E93FCF1CA385A5004EF71A /* Base */,
			);
			name = Main.storyboard;
			sourceTree = "<group>";
		};
		39E93FD31CA385A5004EF71A /* LaunchScreen.storyboard */ = {
			isa = PBXVariantGroup;
			children = (
				39E93FD41CA385A5004EF71A /* Base */,
			);
			name = LaunchScreen.storyboard;
			sourceTree = "<group>";
		};
/* End PBXVariantGroup section */

/* Begin XCBuildConfiguration section */
		39E93FD71CA385A5004EF71A /* Debug */ = {
			isa = XCBuildConfiguration;
			buildSettings = {
				ALWAYS_SEARCH_USER_PATHS = NO;
				CLANG_CXX_LANGUAGE_STANDARD = "gnu++0x";
				CLANG_CXX_LIBRARY = "libc++";
				CLANG_ENABLE_MODULES = YES;
				CLANG_ENABLE_OBJC_ARC = YES;
				CLANG_WARN_BOOL_CONVERSION = YES;
				CLANG_WARN_CONSTANT_CONVERSION = YES;
				CLANG_WARN_DIRECT_OBJC_ISA_USAGE = YES_ERROR;
				CLANG_WARN_EMPTY_BODY = YES;
				CLANG_WARN_ENUM_CONVERSION = YES;
				CLANG_WARN_INT_CONVERSION = YES;
				CLANG_WARN_OBJC_ROOT_CLASS = YES_ERROR;
				CLANG_WARN_UNREACHABLE_CODE = YES;
				CLANG_WARN__DUPLICATE_METHOD_MATCH = YES;
				"CODE_SIGN_IDENTITY[sdk=iphoneos*]" = "iPhone Developer";
				COPY_PHASE_STRIP = NO;
				DEBUG_INFORMATION_FORMAT = dwarf;
				ENABLE_STRICT_OBJC_MSGSEND = YES;
				ENABLE_TESTABILITY = YES;
				GCC_C_LANGUAGE_STANDARD = gnu99;
				GCC_DYNAMIC_NO_PIC = NO;
				GCC_NO_COMMON_BLOCKS = YES;
				GCC_OPTIMIZATION_LEVEL = 0;
				GCC_PREPROCESSOR_DEFINITIONS = (
					"DEBUG=1",
					"$(inherited)",
				);
				GCC_WARN_64_TO_32_BIT_CONVERSION = YES;
				GCC_WARN_ABOUT_RETURN_TYPE = YES_ERROR;
				GCC_WARN_UNDECLARED_SELECTOR = YES;
				GCC_WARN_UNINITIALIZED_AUTOS = YES_AGGRESSIVE;
				GCC_WARN_UNUSED_FUNCTION = YES;
				GCC_WARN_UNUSED_VARIABLE = YES;
				IPHONEOS_DEPLOYMENT_TARGET = 9.2;
				MTL_ENABLE_DEBUG_INFO = YES;
				ONLY_ACTIVE_ARCH = YES;
				SDKROOT = iphoneos;
			};
			name = Debug;
		};
		39E93FD81CA385A5004EF71A /* Release */ = {
			isa = XCBuildConfiguration;
			buildSettings = {
				ALWAYS_SEARCH_USER_PATHS = NO;
				CLANG_CXX_LANGUAGE_STANDARD = "gnu++0x";
				CLANG_CXX_LIBRARY = "libc++";
				CLANG_ENABLE_MODULES = YES;
				CLANG_ENABLE_OBJC_ARC = YES;
				CLANG_WARN_BOOL_CONVERSION = YES;
				CLANG_WARN_CONSTANT_CONVERSION = YES;
				CLANG_WARN_DIRECT_OBJC_ISA_USAGE = YES_ERROR;
				CLANG_WARN_EMPTY_BODY = YES;
				CLANG_WARN_ENUM_CONVERSION = YES;
				CLANG_WARN_INT_CONVERSION = YES;
				CLANG_WARN_OBJC_ROOT_CLASS = YES_ERROR;
				CLANG_WARN_UNREACHABLE_CODE = YES;
				CLANG_WARN__DUPLICATE_METHOD_MATCH = YES;
				"CODE_SIGN_IDENTITY[sdk=iphoneos*]" = "iPhone Developer";
				COPY_PHASE_STRIP = NO;
				DEBUG_INFORMATION_FORMAT = "dwarf-with-dsym";
				ENABLE_NS_ASSERTIONS = NO;
				ENABLE_STRICT_OBJC_MSGSEND = YES;
				GCC_C_LANGUAGE_STANDARD = gnu99;
				GCC_NO_COMMON_BLOCKS = YES;
				GCC_WARN_64_TO_32_BIT_CONVERSION = YES;
				GCC_WARN_ABOUT_RETURN_TYPE = YES_ERROR;
				GCC_WARN_UNDECLARED_SELECTOR = YES;
				GCC_WARN_UNINITIALIZED_AUTOS = YES_AGGRESSIVE;
				GCC_WARN_UNUSED_FUNCTION = YES;
				GCC_WARN_UNUSED_VARIABLE = YES;
				IPHONEOS_DEPLOYMENT_TARGET = 9.2;
				MTL_ENABLE_DEBUG_INFO = NO;
				SDKROOT = iphoneos;
				VALIDATE_PRODUCT = YES;
			};
			name = Release;
		};
		39E93FDA1CA385A5004EF71A /* Debug */ = {
			isa = XCBuildConfiguration;
			buildSettings = {
				ASSETCATALOG_COMPILER_APPICON_NAME = AppIcon;
				INFOPLIST_FILE = navdemo/Info.plist;
				LD_RUNPATH_SEARCH_PATHS = "$(inherited) @executable_path/Frameworks";
				PRODUCT_BUNDLE_IDENTIFIER = com.liuyugui;
				PRODUCT_NAME = "$(TARGET_NAME)";
			};
			name = Debug;
		};
		39E93FDB1CA385A5004EF71A /* Release */ = {
			isa = XCBuildConfiguration;
			buildSettings = {
				ASSETCATALOG_COMPILER_APPICON_NAME = AppIcon;
				INFOPLIST_FILE = navdemo/Info.plist;
				LD_RUNPATH_SEARCH_PATHS = "$(inherited) @executable_path/Frameworks";
				PRODUCT_BUNDLE_IDENTIFIER = com.liuyugui;
				PRODUCT_NAME = "$(TARGET_NAME)";
			};
			name = Release;
		};
/* End XCBuildConfiguration section */

/* Begin XCConfigurationList section */
		39E93FBD1CA385A4004EF71A /* Build configuration list for PBXProject "navdemo" */ = {
			isa = XCConfigurationList;
			buildConfigurations = (
				39E93FD71CA385A5004EF71A /* Debug */,
				39E93FD81CA385A5004EF71A /* Release */,
			);
			defaultConfigurationIsVisible = 0;
			defaultConfigurationName = Release;
		};
		39E93FD91CA385A5004EF71A /* Build configuration list for PBXNativeTarget "navdemo" */ = {
			isa = XCConfigurationList;
			buildConfigurations = (
				39E93FDA1CA385A5004EF71A /* Debug */,
				39E93FDB1CA385A5004EF71A /* Release */,
			);
			defaultConfigurationIsVisible = 0;
			defaultConfigurationName = Release;
		};
/* End XCConfigurationList section */
	};
	rootObject = 39E93FBA1CA385A4004EF71A /* Project object */;
}
